# This file is automatically @generated by Cargo.
# It is not intended for manual editing.
version = 4

[[package]]
name = "tuyau-cli"
version = "0.1.0"

[[package]]
name = "tuyau-client"
version = "0.1.0"

[[package]]
name = "tuyau-protocol"
version = "0.1.0"

[[package]]
name = "tuyau-server"
version = "0.1.0"
